
Microsoft Visual Studio Solution File, Format Version 12.00
# Visual Studio 15
VisualStudioVersion = 15.0.26730.10
MinimumVisualStudioVersion = 10.0.40219.1

Project("{6EC3EE1D-3C4E-46DD-8F32-0CC8E7565705}") = "FabulousWyd", "FabulousWyd\FabulousWyd.fsproj", "{9A1F0295-3C83-4D85-B917-2D535319B745}"
EndProject

Project("{F2A71F9B-5D33-465A-A702-920D77279786}") = "FabulousWyd.Android", "FabulousWyd.Android\FabulousWyd.Android.fsproj", "{14F83DDC-65A7-43B7-ABF3-2CCCD93F7FA1}"
EndProject


Project("{F2A71F9B-5D33-465A-A702-920D77279786}") = "FabulousWyd.iOS", "FabulousWyd.iOS\FabulousWyd.iOS.fsproj", "{E2243370-CF0E-42D5-A1A9-F867563D88D4}"
EndProject




Global
	GlobalSection(SolutionConfigurationPlatforms) = preSolution
		Ad-Hoc|Any CPU = Ad-Hoc|Any CPU
		Ad-Hoc|ARM = Ad-Hoc|ARM
		Ad-Hoc|iPhone = Ad-Hoc|iPhone
		Ad-Hoc|iPhoneSimulator = Ad-Hoc|iPhoneSimulator
		Ad-Hoc|x64 = Ad-Hoc|x64
		Ad-Hoc|x86 = Ad-Hoc|x86
		AppStore|Any CPU = AppStore|Any CPU
		AppStore|ARM = AppStore|ARM
		AppStore|iPhone = AppStore|iPhone
		AppStore|iPhoneSimulator = AppStore|iPhoneSimulator
		AppStore|x64 = AppStore|x64
		AppStore|x86 = AppStore|x86
		Debug|Any CPU = Debug|Any CPU
		Debug|ARM = Debug|ARM
		Debug|iPhone = Debug|iPhone
		Debug|iPhoneSimulator = Debug|iPhoneSimulator
		Debug|x64 = Debug|x64
		Debug|x86 = Debug|x86
		Release|Any CPU = Release|Any CPU
		Release|ARM = Release|ARM
		Release|iPhone = Release|iPhone
		Release|iPhoneSimulator = Release|iPhoneSimulator
		Release|x64 = Release|x64
		Release|x86 = Release|x86
	EndGlobalSection
	GlobalSection(ProjectConfigurationPlatforms) = postSolution
		{9A1F0295-3C83-4D85-B917-2D535319B745}.Ad-Hoc|Any CPU.ActiveCfg = Debug|Any CPU
		{9A1F0295-3C83-4D85-B917-2D535319B745}.Ad-Hoc|Any CPU.Build.0 = Debug|Any CPU
		{9A1F0295-3C83-4D85-B917-2D535319B745}.Ad-Hoc|ARM.ActiveCfg = Debug|Any CPU
		{9A1F0295-3C83-4D85-B917-2D535319B745}.Ad-Hoc|ARM.Build.0 = Debug|Any CPU
		{9A1F0295-3C83-4D85-B917-2D535319B745}.Ad-Hoc|iPhone.ActiveCfg = Debug|Any CPU
		{9A1F0295-3C83-4D85-B917-2D535319B745}.Ad-Hoc|iPhone.Build.0 = Debug|Any CPU
		{9A1F0295-3C83-4D85-B917-2D535319B745}.Ad-Hoc|iPhoneSimulator.ActiveCfg = Debug|Any CPU
		{9A1F0295-3C83-4D85-B917-2D535319B745}.Ad-Hoc|iPhoneSimulator.Build.0 = Debug|Any CPU
		{9A1F0295-3C83-4D85-B917-2D535319B745}.Ad-Hoc|x64.ActiveCfg = Debug|Any CPU
		{9A1F0295-3C83-4D85-B917-2D535319B745}.Ad-Hoc|x64.Build.0 = Debug|Any CPU
		{9A1F0295-3C83-4D85-B917-2D535319B745}.Ad-Hoc|x86.ActiveCfg = Debug|Any CPU
		{9A1F0295-3C83-4D85-B917-2D535319B745}.Ad-Hoc|x86.Build.0 = Debug|Any CPU
		{9A1F0295-3C83-4D85-B917-2D535319B745}.AppStore|Any CPU.ActiveCfg = Debug|Any CPU
		{9A1F0295-3C83-4D85-B917-2D535319B745}.AppStore|Any CPU.Build.0 = Debug|Any CPU
		{9A1F0295-3C83-4D85-B917-2D535319B745}.AppStore|ARM.ActiveCfg = Debug|Any CPU
		{9A1F0295-3C83-4D85-B917-2D535319B745}.AppStore|ARM.Build.0 = Debug|Any CPU
		{9A1F0295-3C83-4D85-B917-2D535319B745}.AppStore|iPhone.ActiveCfg = Debug|Any CPU
		{9A1F0295-3C83-4D85-B917-2D535319B745}.AppStore|iPhone.Build.0 = Debug|Any CPU
		{9A1F0295-3C83-4D85-B917-2D535319B745}.AppStore|iPhoneSimulator.ActiveCfg = Debug|Any CPU
		{9A1F0295-3C83-4D85-B917-2D535319B745}.AppStore|iPhoneSimulator.Build.0 = Debug|Any CPU
		{9A1F0295-3C83-4D85-B917-2D535319B745}.AppStore|x64.ActiveCfg = Debug|Any CPU
		{9A1F0295-3C83-4D85-B917-2D535319B745}.AppStore|x64.Build.0 = Debug|Any CPU
		{9A1F0295-3C83-4D85-B917-2D535319B745}.AppStore|x86.ActiveCfg = Debug|Any CPU
		{9A1F0295-3C83-4D85-B917-2D535319B745}.AppStore|x86.Build.0 = Debug|Any CPU
		{9A1F0295-3C83-4D85-B917-2D535319B745}.Debug|Any CPU.ActiveCfg = Debug|Any CPU
		{9A1F0295-3C83-4D85-B917-2D535319B745}.Debug|Any CPU.Build.0 = Debug|Any CPU
		{9A1F0295-3C83-4D85-B917-2D535319B745}.Debug|ARM.ActiveCfg = Debug|Any CPU
		{9A1F0295-3C83-4D85-B917-2D535319B745}.Debug|ARM.Build.0 = Debug|Any CPU
		{9A1F0295-3C83-4D85-B917-2D535319B745}.Debug|iPhone.ActiveCfg = Debug|Any CPU
		{9A1F0295-3C83-4D85-B917-2D535319B745}.Debug|iPhone.Build.0 = Debug|Any CPU
		{9A1F0295-3C83-4D85-B917-2D535319B745}.Debug|iPhoneSimulator.ActiveCfg = Debug|Any CPU
		{9A1F0295-3C83-4D85-B917-2D535319B745}.Debug|iPhoneSimulator.Build.0 = Debug|Any CPU
		{9A1F0295-3C83-4D85-B917-2D535319B745}.Debug|x64.ActiveCfg = Debug|Any CPU
		{9A1F0295-3C83-4D85-B917-2D535319B745}.Debug|x64.Build.0 = Debug|Any CPU
		{9A1F0295-3C83-4D85-B917-2D535319B745}.Debug|x86.ActiveCfg = Debug|Any CPU
		{9A1F0295-3C83-4D85-B917-2D535319B745}.Debug|x86.Build.0 = Debug|Any CPU
		{9A1F0295-3C83-4D85-B917-2D535319B745}.Release|Any CPU.ActiveCfg = Release|Any CPU
		{9A1F0295-3C83-4D85-B917-2D535319B745}.Release|Any CPU.Build.0 = Release|Any CPU
		{9A1F0295-3C83-4D85-B917-2D535319B745}.Release|ARM.ActiveCfg = Release|Any CPU
		{9A1F0295-3C83-4D85-B917-2D535319B745}.Release|ARM.Build.0 = Release|Any CPU
		{9A1F0295-3C83-4D85-B917-2D535319B745}.Release|iPhone.ActiveCfg = Release|Any CPU
		{9A1F0295-3C83-4D85-B917-2D535319B745}.Release|iPhone.Build.0 = Release|Any CPU
		{9A1F0295-3C83-4D85-B917-2D535319B745}.Release|iPhoneSimulator.ActiveCfg = Release|Any CPU
		{9A1F0295-3C83-4D85-B917-2D535319B745}.Release|iPhoneSimulator.Build.0 = Release|Any CPU
		{9A1F0295-3C83-4D85-B917-2D535319B745}.Release|x64.ActiveCfg = Release|Any CPU
		{9A1F0295-3C83-4D85-B917-2D535319B745}.Release|x64.Build.0 = Release|Any CPU
		{9A1F0295-3C83-4D85-B917-2D535319B745}.Release|x86.ActiveCfg = Release|Any CPU
		{9A1F0295-3C83-4D85-B917-2D535319B745}.Release|x86.Build.0 = Release|Any CPU
		{E2243370-CF0E-42D5-A1A9-F867563D88D4}.Ad-Hoc|Any CPU.ActiveCfg = Ad-Hoc|iPhone
		{E2243370-CF0E-42D5-A1A9-F867563D88D4}.Ad-Hoc|ARM.ActiveCfg = Ad-Hoc|iPhone
		{E2243370-CF0E-42D5-A1A9-F867563D88D4}.Ad-Hoc|iPhone.ActiveCfg = Ad-Hoc|iPhone
		{E2243370-CF0E-42D5-A1A9-F867563D88D4}.Ad-Hoc|iPhone.Build.0 = Ad-Hoc|iPhone
		{E2243370-CF0E-42D5-A1A9-F867563D88D4}.Ad-Hoc|iPhoneSimulator.ActiveCfg = Ad-Hoc|iPhoneSimulator
		{E2243370-CF0E-42D5-A1A9-F867563D88D4}.Ad-Hoc|iPhoneSimulator.Build.0 = Ad-Hoc|iPhoneSimulator
		{E2243370-CF0E-42D5-A1A9-F867563D88D4}.Ad-Hoc|x64.ActiveCfg = Ad-Hoc|iPhone
		{E2243370-CF0E-42D5-A1A9-F867563D88D4}.Ad-Hoc|x86.ActiveCfg = Ad-Hoc|iPhone
		{E2243370-CF0E-42D5-A1A9-F867563D88D4}.AppStore|Any CPU.ActiveCfg = AppStore|iPhone
		{E2243370-CF0E-42D5-A1A9-F867563D88D4}.AppStore|ARM.ActiveCfg = AppStore|iPhone
		{E2243370-CF0E-42D5-A1A9-F867563D88D4}.AppStore|iPhone.ActiveCfg = AppStore|iPhone
		{E2243370-CF0E-42D5-A1A9-F867563D88D4}.AppStore|iPhone.Build.0 = AppStore|iPhone
		{E2243370-CF0E-42D5-A1A9-F867563D88D4}.AppStore|iPhoneSimulator.ActiveCfg = AppStore|iPhoneSimulator
		{E2243370-CF0E-42D5-A1A9-F867563D88D4}.AppStore|iPhoneSimulator.Build.0 = AppStore|iPhoneSimulator
		{E2243370-CF0E-42D5-A1A9-F867563D88D4}.AppStore|x64.ActiveCfg = AppStore|iPhone
		{E2243370-CF0E-42D5-A1A9-F867563D88D4}.AppStore|x86.ActiveCfg = AppStore|iPhone
		{E2243370-CF0E-42D5-A1A9-F867563D88D4}.Debug|Any CPU.ActiveCfg = Debug|iPhone
		{E2243370-CF0E-42D5-A1A9-F867563D88D4}.Debug|ARM.ActiveCfg = Debug|iPhone
		{E2243370-CF0E-42D5-A1A9-F867563D88D4}.Debug|iPhone.ActiveCfg = Debug|iPhone
		{E2243370-CF0E-42D5-A1A9-F867563D88D4}.Debug|iPhone.Build.0 = Debug|iPhone
		{E2243370-CF0E-42D5-A1A9-F867563D88D4}.Debug|iPhoneSimulator.ActiveCfg = Debug|iPhoneSimulator
		{E2243370-CF0E-42D5-A1A9-F867563D88D4}.Debug|iPhoneSimulator.Build.0 = Debug|iPhoneSimulator
		{E2243370-CF0E-42D5-A1A9-F867563D88D4}.Debug|x64.ActiveCfg = Debug|iPhone
		{E2243370-CF0E-42D5-A1A9-F867563D88D4}.Debug|x86.ActiveCfg = Debug|iPhone
		{E2243370-CF0E-42D5-A1A9-F867563D88D4}.Release|Any CPU.ActiveCfg = Release|iPhone
		{E2243370-CF0E-42D5-A1A9-F867563D88D4}.Release|ARM.ActiveCfg = Release|iPhone
		{E2243370-CF0E-42D5-A1A9-F867563D88D4}.Release|iPhone.ActiveCfg = Release|iPhone
		{E2243370-CF0E-42D5-A1A9-F867563D88D4}.Release|iPhone.Build.0 = Release|iPhone
		{E2243370-CF0E-42D5-A1A9-F867563D88D4}.Release|iPhoneSimulator.ActiveCfg = Release|iPhoneSimulator
		{E2243370-CF0E-42D5-A1A9-F867563D88D4}.Release|iPhoneSimulator.Build.0 = Release|iPhoneSimulator
		{E2243370-CF0E-42D5-A1A9-F867563D88D4}.Release|x64.ActiveCfg = Release|iPhone
		{E2243370-CF0E-42D5-A1A9-F867563D88D4}.Release|x86.ActiveCfg = Release|iPhone
		{5BDBAC38-EB50-45AF-BDC8-115076724C56}.Ad-Hoc|Any CPU.ActiveCfg = Release|x86
		{5BDBAC38-EB50-45AF-BDC8-115076724C56}.Ad-Hoc|Any CPU.Build.0 = Release|x86
		{5BDBAC38-EB50-45AF-BDC8-115076724C56}.Ad-Hoc|Any CPU.Deploy.0 = Release|x86
		{5BDBAC38-EB50-45AF-BDC8-115076724C56}.Ad-Hoc|ARM.ActiveCfg = Release|ARM
		{5BDBAC38-EB50-45AF-BDC8-115076724C56}.Ad-Hoc|ARM.Build.0 = Release|ARM
		{5BDBAC38-EB50-45AF-BDC8-115076724C56}.Ad-Hoc|ARM.Deploy.0 = Release|ARM
		{5BDBAC38-EB50-45AF-BDC8-115076724C56}.Ad-Hoc|iPhone.ActiveCfg = Release|x86
		{5BDBAC38-EB50-45AF-BDC8-115076724C56}.Ad-Hoc|iPhone.Build.0 = Release|x86
		{5BDBAC38-EB50-45AF-BDC8-115076724C56}.Ad-Hoc|iPhone.Deploy.0 = Release|x86
		{5BDBAC38-EB50-45AF-BDC8-115076724C56}.Ad-Hoc|iPhoneSimulator.ActiveCfg = Release|x86
		{5BDBAC38-EB50-45AF-BDC8-115076724C56}.Ad-Hoc|iPhoneSimulator.Build.0 = Release|x86
		{5BDBAC38-EB50-45AF-BDC8-115076724C56}.Ad-Hoc|iPhoneSimulator.Deploy.0 = Release|x86
		{5BDBAC38-EB50-45AF-BDC8-115076724C56}.Ad-Hoc|x64.ActiveCfg = Release|x64
		{5BDBAC38-EB50-45AF-BDC8-115076724C56}.Ad-Hoc|x64.Build.0 = Release|x64
		{5BDBAC38-EB50-45AF-BDC8-115076724C56}.Ad-Hoc|x64.Deploy.0 = Release|x64
		{5BDBAC38-EB50-45AF-BDC8-115076724C56}.Ad-Hoc|x86.ActiveCfg = Release|x86
		{5BDBAC38-EB50-45AF-BDC8-115076724C56}.Ad-Hoc|x86.Build.0 = Release|x86
		{5BDBAC38-EB50-45AF-BDC8-115076724C56}.Ad-Hoc|x86.Deploy.0 = Release|x86
		{5BDBAC38-EB50-45AF-BDC8-115076724C56}.AppStore|Any CPU.ActiveCfg = Release|x86
		{5BDBAC38-EB50-45AF-BDC8-115076724C56}.AppStore|Any CPU.Build.0 = Release|x86
		{5BDBAC38-EB50-45AF-BDC8-115076724C56}.AppStore|Any CPU.Deploy.0 = Release|x86
		{5BDBAC38-EB50-45AF-BDC8-115076724C56}.AppStore|ARM.ActiveCfg = Release|ARM
		{5BDBAC38-EB50-45AF-BDC8-115076724C56}.AppStore|ARM.Build.0 = Release|ARM
		{5BDBAC38-EB50-45AF-BDC8-115076724C56}.AppStore|ARM.Deploy.0 = Release|ARM
		{5BDBAC38-EB50-45AF-BDC8-115076724C56}.AppStore|iPhone.ActiveCfg = Release|x86
		{5BDBAC38-EB50-45AF-BDC8-115076724C56}.AppStore|iPhone.Build.0 = Release|x86
		{5BDBAC38-EB50-45AF-BDC8-115076724C56}.AppStore|iPhone.Deploy.0 = Release|x86
		{5BDBAC38-EB50-45AF-BDC8-115076724C56}.AppStore|iPhoneSimulator.ActiveCfg = Release|x86
		{5BDBAC38-EB50-45AF-BDC8-115076724C56}.AppStore|iPhoneSimulator.Build.0 = Release|x86
		{5BDBAC38-EB50-45AF-BDC8-115076724C56}.AppStore|iPhoneSimulator.Deploy.0 = Release|x86
		{5BDBAC38-EB50-45AF-BDC8-115076724C56}.AppStore|x64.ActiveCfg = Release|x64
		{5BDBAC38-EB50-45AF-BDC8-115076724C56}.AppStore|x64.Build.0 = Release|x64
		{5BDBAC38-EB50-45AF-BDC8-115076724C56}.AppStore|x64.Deploy.0 = Release|x64
		{5BDBAC38-EB50-45AF-BDC8-115076724C56}.AppStore|x86.ActiveCfg = Release|x86
		{5BDBAC38-EB50-45AF-BDC8-115076724C56}.AppStore|x86.Build.0 = Release|x86
		{5BDBAC38-EB50-45AF-BDC8-115076724C56}.AppStore|x86.Deploy.0 = Release|x86
		{5BDBAC38-EB50-45AF-BDC8-115076724C56}.Debug|Any CPU.ActiveCfg = Debug|x86
		{5BDBAC38-EB50-45AF-BDC8-115076724C56}.Debug|ARM.ActiveCfg = Debug|ARM
		{5BDBAC38-EB50-45AF-BDC8-115076724C56}.Debug|ARM.Build.0 = Debug|ARM
		{5BDBAC38-EB50-45AF-BDC8-115076724C56}.Debug|ARM.Deploy.0 = Debug|ARM
		{5BDBAC38-EB50-45AF-BDC8-115076724C56}.Debug|iPhone.ActiveCfg = Debug|x86
		{5BDBAC38-EB50-45AF-BDC8-115076724C56}.Debug|iPhoneSimulator.ActiveCfg = Debug|x86
		{5BDBAC38-EB50-45AF-BDC8-115076724C56}.Debug|x64.ActiveCfg = Debug|x64
		{5BDBAC38-EB50-45AF-BDC8-115076724C56}.Debug|x64.Build.0 = Debug|x64
		{5BDBAC38-EB50-45AF-BDC8-115076724C56}.Debug|x64.Deploy.0 = Debug|x64
		{5BDBAC38-EB50-45AF-BDC8-115076724C56}.Debug|x86.ActiveCfg = Debug|x86
		{5BDBAC38-EB50-45AF-BDC8-115076724C56}.Debug|x86.Build.0 = Debug|x86
		{5BDBAC38-EB50-45AF-BDC8-115076724C56}.Debug|x86.Deploy.0 = Debug|x86
		{5BDBAC38-EB50-45AF-BDC8-115076724C56}.Release|Any CPU.ActiveCfg = Release|x86
		{5BDBAC38-EB50-45AF-BDC8-115076724C56}.Release|ARM.ActiveCfg = Release|ARM
		{5BDBAC38-EB50-45AF-BDC8-115076724C56}.Release|ARM.Build.0 = Release|ARM
		{5BDBAC38-EB50-45AF-BDC8-115076724C56}.Release|ARM.Deploy.0 = Release|ARM
		{5BDBAC38-EB50-45AF-BDC8-115076724C56}.Release|iPhone.ActiveCfg = Release|x86
		{5BDBAC38-EB50-45AF-BDC8-115076724C56}.Release|iPhoneSimulator.ActiveCfg = Release|x86
		{5BDBAC38-EB50-45AF-BDC8-115076724C56}.Release|x64.ActiveCfg = Release|x64
		{5BDBAC38-EB50-45AF-BDC8-115076724C56}.Release|x64.Build.0 = Release|x64
		{5BDBAC38-EB50-45AF-BDC8-115076724C56}.Release|x64.Deploy.0 = Release|x64
		{5BDBAC38-EB50-45AF-BDC8-115076724C56}.Release|x86.ActiveCfg = Release|x86
		{5BDBAC38-EB50-45AF-BDC8-115076724C56}.Release|x86.Build.0 = Release|x86
		{5BDBAC38-EB50-45AF-BDC8-115076724C56}.Release|x86.Deploy.0 = Release|x86
		{912DD909-B410-47F3-B094-8D376B939713}.Ad-Hoc|Any CPU.ActiveCfg = Release|Any CPU
		{912DD909-B410-47F3-B094-8D376B939713}.Ad-Hoc|Any CPU.Build.0 = Release|Any CPU
		{912DD909-B410-47F3-B094-8D376B939713}.Ad-Hoc|ARM.ActiveCfg = Release|Any CPU
		{912DD909-B410-47F3-B094-8D376B939713}.Ad-Hoc|ARM.Build.0 = Release|Any CPU
		{912DD909-B410-47F3-B094-8D376B939713}.Ad-Hoc|iPhone.ActiveCfg = Release|Any CPU
		{912DD909-B410-47F3-B094-8D376B939713}.Ad-Hoc|iPhone.Build.0 = Release|Any CPU
		{912DD909-B410-47F3-B094-8D376B939713}.Ad-Hoc|iPhoneSimulator.ActiveCfg = Release|Any CPU
		{912DD909-B410-47F3-B094-8D376B939713}.Ad-Hoc|iPhoneSimulator.Build.0 = Release|Any CPU
		{912DD909-B410-47F3-B094-8D376B939713}.Ad-Hoc|x64.ActiveCfg = Release|Any CPU
		{912DD909-B410-47F3-B094-8D376B939713}.Ad-Hoc|x64.Build.0 = Release|Any CPU
		{912DD909-B410-47F3-B094-8D376B939713}.Ad-Hoc|x86.ActiveCfg = Release|Any CPU
		{912DD909-B410-47F3-B094-8D376B939713}.Ad-Hoc|x86.Build.0 = Release|Any CPU
		{912DD909-B410-47F3-B094-8D376B939713}.AppStore|Any CPU.ActiveCfg = Release|Any CPU
		{912DD909-B410-47F3-B094-8D376B939713}.AppStore|Any CPU.Build.0 = Release|Any CPU
		{912DD909-B410-47F3-B094-8D376B939713}.AppStore|ARM.ActiveCfg = Release|Any CPU
		{912DD909-B410-47F3-B094-8D376B939713}.AppStore|ARM.Build.0 = Release|Any CPU
		{912DD909-B410-47F3-B094-8D376B939713}.AppStore|iPhone.ActiveCfg = Release|Any CPU
		{912DD909-B410-47F3-B094-8D376B939713}.AppStore|iPhone.Build.0 = Release|Any CPU
		{912DD909-B410-47F3-B094-8D376B939713}.AppStore|iPhoneSimulator.ActiveCfg = Release|Any CPU
		{912DD909-B410-47F3-B094-8D376B939713}.AppStore|iPhoneSimulator.Build.0 = Release|Any CPU
		{912DD909-B410-47F3-B094-8D376B939713}.AppStore|x64.ActiveCfg = Release|Any CPU
		{912DD909-B410-47F3-B094-8D376B939713}.AppStore|x64.Build.0 = Release|Any CPU
		{912DD909-B410-47F3-B094-8D376B939713}.AppStore|x86.ActiveCfg = Release|Any CPU
		{912DD909-B410-47F3-B094-8D376B939713}.AppStore|x86.Build.0 = Release|Any CPU
		{912DD909-B410-47F3-B094-8D376B939713}.Debug|Any CPU.ActiveCfg = Debug|Any CPU
		{912DD909-B410-47F3-B094-8D376B939713}.Debug|Any CPU.Build.0 = Debug|Any CPU
		{912DD909-B410-47F3-B094-8D376B939713}.Debug|ARM.ActiveCfg = Debug|Any CPU
		{912DD909-B410-47F3-B094-8D376B939713}.Debug|ARM.Build.0 = Debug|Any CPU
		{912DD909-B410-47F3-B094-8D376B939713}.Debug|iPhone.ActiveCfg = Debug|Any CPU
		{912DD909-B410-47F3-B094-8D376B939713}.Debug|iPhone.Build.0 = Debug|Any CPU
		{912DD909-B410-47F3-B094-8D376B939713}.Debug|iPhoneSimulator.ActiveCfg = Debug|Any CPU
		{912DD909-B410-47F3-B094-8D376B939713}.Debug|iPhoneSimulator.Build.0 = Debug|Any CPU
		{912DD909-B410-47F3-B094-8D376B939713}.Debug|x64.ActiveCfg = Debug|Any CPU
		{912DD909-B410-47F3-B094-8D376B939713}.Debug|x64.Build.0 = Debug|Any CPU
		{912DD909-B410-47F3-B094-8D376B939713}.Debug|x86.ActiveCfg = Debug|Any CPU
		{912DD909-B410-47F3-B094-8D376B939713}.Debug|x86.Build.0 = Debug|Any CPU
		{912DD909-B410-47F3-B094-8D376B939713}.Release|Any CPU.ActiveCfg = Release|Any CPU
		{912DD909-B410-47F3-B094-8D376B939713}.Release|Any CPU.Build.0 = Release|Any CPU
		{912DD909-B410-47F3-B094-8D376B939713}.Release|ARM.ActiveCfg = Release|Any CPU
		{912DD909-B410-47F3-B094-8D376B939713}.Release|ARM.Build.0 = Release|Any CPU
		{912DD909-B410-47F3-B094-8D376B939713}.Release|iPhone.ActiveCfg = Release|Any CPU
		{912DD909-B410-47F3-B094-8D376B939713}.Release|iPhone.Build.0 = Release|Any CPU
		{912DD909-B410-47F3-B094-8D376B939713}.Release|iPhoneSimulator.ActiveCfg = Release|Any CPU
		{912DD909-B410-47F3-B094-8D376B939713}.Release|iPhoneSimulator.Build.0 = Release|Any CPU
		{912DD909-B410-47F3-B094-8D376B939713}.Release|x64.ActiveCfg = Release|Any CPU
		{912DD909-B410-47F3-B094-8D376B939713}.Release|x64.Build.0 = Release|Any CPU
		{912DD909-B410-47F3-B094-8D376B939713}.Release|x86.ActiveCfg = Release|Any CPU
		{912DD909-B410-47F3-B094-8D376B939713}.Release|x86.Build.0 = Release|Any CPU
		{BF8EF557-EDD0-4B7C-8E08-E6721A980ABE}.Ad-Hoc|Any CPU.ActiveCfg = Release|Any CPU
		{BF8EF557-EDD0-4B7C-8E08-E6721A980ABE}.Ad-Hoc|Any CPU.Build.0 = Release|Any CPU
		{BF8EF557-EDD0-4B7C-8E08-E6721A980ABE}.Ad-Hoc|ARM.ActiveCfg = Release|Any CPU
		{BF8EF557-EDD0-4B7C-8E08-E6721A980ABE}.Ad-Hoc|ARM.Build.0 = Release|Any CPU
		{BF8EF557-EDD0-4B7C-8E08-E6721A980ABE}.Ad-Hoc|iPhone.ActiveCfg = Release|Any CPU
		{BF8EF557-EDD0-4B7C-8E08-E6721A980ABE}.Ad-Hoc|iPhone.Build.0 = Release|Any CPU
		{BF8EF557-EDD0-4B7C-8E08-E6721A980ABE}.Ad-Hoc|iPhoneSimulator.ActiveCfg = Release|Any CPU
		{BF8EF557-EDD0-4B7C-8E08-E6721A980ABE}.Ad-Hoc|iPhoneSimulator.Build.0 = Release|Any CPU
		{BF8EF557-EDD0-4B7C-8E08-E6721A980ABE}.Ad-Hoc|x64.ActiveCfg = Release|Any CPU
		{BF8EF557-EDD0-4B7C-8E08-E6721A980ABE}.Ad-Hoc|x64.Build.0 = Release|Any CPU
		{BF8EF557-EDD0-4B7C-8E08-E6721A980ABE}.Ad-Hoc|x86.ActiveCfg = Release|Any CPU
		{BF8EF557-EDD0-4B7C-8E08-E6721A980ABE}.Ad-Hoc|x86.Build.0 = Release|Any CPU
		{BF8EF557-EDD0-4B7C-8E08-E6721A980ABE}.AppStore|Any CPU.ActiveCfg = Release|Any CPU
		{BF8EF557-EDD0-4B7C-8E08-E6721A980ABE}.AppStore|Any CPU.Build.0 = Release|Any CPU
		{BF8EF557-EDD0-4B7C-8E08-E6721A980ABE}.AppStore|ARM.ActiveCfg = Release|Any CPU
		{BF8EF557-EDD0-4B7C-8E08-E6721A980ABE}.AppStore|ARM.Build.0 = Release|Any CPU
		{BF8EF557-EDD0-4B7C-8E08-E6721A980ABE}.AppStore|iPhone.ActiveCfg = Release|Any CPU
		{BF8EF557-EDD0-4B7C-8E08-E6721A980ABE}.AppStore|iPhone.Build.0 = Release|Any CPU
		{BF8EF557-EDD0-4B7C-8E08-E6721A980ABE}.AppStore|iPhoneSimulator.ActiveCfg = Release|Any CPU
		{BF8EF557-EDD0-4B7C-8E08-E6721A980ABE}.AppStore|iPhoneSimulator.Build.0 = Release|Any CPU
		{BF8EF557-EDD0-4B7C-8E08-E6721A980ABE}.AppStore|x64.ActiveCfg = Release|Any CPU
		{BF8EF557-EDD0-4B7C-8E08-E6721A980ABE}.AppStore|x64.Build.0 = Release|Any CPU
		{BF8EF557-EDD0-4B7C-8E08-E6721A980ABE}.AppStore|x86.ActiveCfg = Release|Any CPU
		{BF8EF557-EDD0-4B7C-8E08-E6721A980ABE}.AppStore|x86.Build.0 = Release|Any CPU
		{BF8EF557-EDD0-4B7C-8E08-E6721A980ABE}.Debug|Any CPU.ActiveCfg = Debug|Any CPU
		{BF8EF557-EDD0-4B7C-8E08-E6721A980ABE}.Debug|Any CPU.Build.0 = Debug|Any CPU
		{BF8EF557-EDD0-4B7C-8E08-E6721A980ABE}.Debug|ARM.ActiveCfg = Debug|Any CPU
		{BF8EF557-EDD0-4B7C-8E08-E6721A980ABE}.Debug|ARM.Build.0 = Debug|Any CPU
		{BF8EF557-EDD0-4B7C-8E08-E6721A980ABE}.Debug|iPhone.ActiveCfg = Debug|Any CPU
		{BF8EF557-EDD0-4B7C-8E08-E6721A980ABE}.Debug|iPhone.Build.0 = Debug|Any CPU
		{BF8EF557-EDD0-4B7C-8E08-E6721A980ABE}.Debug|iPhoneSimulator.ActiveCfg = Debug|Any CPU
		{BF8EF557-EDD0-4B7C-8E08-E6721A980ABE}.Debug|iPhoneSimulator.Build.0 = Debug|Any CPU
		{BF8EF557-EDD0-4B7C-8E08-E6721A980ABE}.Debug|x64.ActiveCfg = Debug|Any CPU
		{BF8EF557-EDD0-4B7C-8E08-E6721A980ABE}.Debug|x64.Build.0 = Debug|Any CPU
		{BF8EF557-EDD0-4B7C-8E08-E6721A980ABE}.Debug|x86.ActiveCfg = Debug|Any CPU
		{BF8EF557-EDD0-4B7C-8E08-E6721A980ABE}.Debug|x86.Build.0 = Debug|Any CPU
		{BF8EF557-EDD0-4B7C-8E08-E6721A980ABE}.Release|Any CPU.ActiveCfg = Release|Any CPU
		{BF8EF557-EDD0-4B7C-8E08-E6721A980ABE}.Release|Any CPU.Build.0 = Release|Any CPU
		{BF8EF557-EDD0-4B7C-8E08-E6721A980ABE}.Release|ARM.ActiveCfg = Release|Any CPU
		{BF8EF557-EDD0-4B7C-8E08-E6721A980ABE}.Release|ARM.Build.0 = Release|Any CPU
		{BF8EF557-EDD0-4B7C-8E08-E6721A980ABE}.Release|iPhone.ActiveCfg = Release|Any CPU
		{BF8EF557-EDD0-4B7C-8E08-E6721A980ABE}.Release|iPhone.Build.0 = Release|Any CPU
		{BF8EF557-EDD0-4B7C-8E08-E6721A980ABE}.Release|iPhoneSimulator.ActiveCfg = Release|Any CPU
		{BF8EF557-EDD0-4B7C-8E08-E6721A980ABE}.Release|iPhoneSimulator.Build.0 = Release|Any CPU
		{BF8EF557-EDD0-4B7C-8E08-E6721A980ABE}.Release|x64.ActiveCfg = Release|Any CPU
		{BF8EF557-EDD0-4B7C-8E08-E6721A980ABE}.Release|x64.Build.0 = Release|Any CPU
		{BF8EF557-EDD0-4B7C-8E08-E6721A980ABE}.Release|x86.ActiveCfg = Release|Any CPU
		{BF8EF557-EDD0-4B7C-8E08-E6721A980ABE}.Release|x86.Build.0 = Release|Any CPU
		{14F83DDC-65A7-43B7-ABF3-2CCCD93F7FA1}.Ad-Hoc|Any CPU.ActiveCfg = Release|Any CPU
		{14F83DDC-65A7-43B7-ABF3-2CCCD93F7FA1}.Ad-Hoc|Any CPU.Build.0 = Release|Any CPU
		{14F83DDC-65A7-43B7-ABF3-2CCCD93F7FA1}.Ad-Hoc|ARM.ActiveCfg = Release|Any CPU
		{14F83DDC-65A7-43B7-ABF3-2CCCD93F7FA1}.Ad-Hoc|ARM.Build.0 = Release|Any CPU
		{14F83DDC-65A7-43B7-ABF3-2CCCD93F7FA1}.Ad-Hoc|iPhone.ActiveCfg = Release|Any CPU
		{14F83DDC-65A7-43B7-ABF3-2CCCD93F7FA1}.Ad-Hoc|iPhone.Build.0 = Release|Any CPU
		{14F83DDC-65A7-43B7-ABF3-2CCCD93F7FA1}.Ad-Hoc|iPhoneSimulator.ActiveCfg = Release|Any CPU
		{14F83DDC-65A7-43B7-ABF3-2CCCD93F7FA1}.Ad-Hoc|iPhoneSimulator.Build.0 = Release|Any CPU
		{14F83DDC-65A7-43B7-ABF3-2CCCD93F7FA1}.Ad-Hoc|x64.ActiveCfg = Release|Any CPU
		{14F83DDC-65A7-43B7-ABF3-2CCCD93F7FA1}.Ad-Hoc|x64.Build.0 = Release|Any CPU
		{14F83DDC-65A7-43B7-ABF3-2CCCD93F7FA1}.Ad-Hoc|x86.ActiveCfg = Release|Any CPU
		{14F83DDC-65A7-43B7-ABF3-2CCCD93F7FA1}.Ad-Hoc|x86.Build.0 = Release|Any CPU
		{14F83DDC-65A7-43B7-ABF3-2CCCD93F7FA1}.AppStore|Any CPU.ActiveCfg = Release|Any CPU
		{14F83DDC-65A7-43B7-ABF3-2CCCD93F7FA1}.AppStore|Any CPU.Build.0 = Release|Any CPU
		{14F83DDC-65A7-43B7-ABF3-2CCCD93F7FA1}.AppStore|ARM.ActiveCfg = Release|Any CPU
		{14F83DDC-65A7-43B7-ABF3-2CCCD93F7FA1}.AppStore|ARM.Build.0 = Release|Any CPU
		{14F83DDC-65A7-43B7-ABF3-2CCCD93F7FA1}.AppStore|iPhone.ActiveCfg = Release|Any CPU
		{14F83DDC-65A7-43B7-ABF3-2CCCD93F7FA1}.AppStore|iPhone.Build.0 = Release|Any CPU
		{14F83DDC-65A7-43B7-ABF3-2CCCD93F7FA1}.AppStore|iPhoneSimulator.ActiveCfg = Release|Any CPU
		{14F83DDC-65A7-43B7-ABF3-2CCCD93F7FA1}.AppStore|iPhoneSimulator.Build.0 = Release|Any CPU
		{14F83DDC-65A7-43B7-ABF3-2CCCD93F7FA1}.AppStore|x64.ActiveCfg = Release|Any CPU
		{14F83DDC-65A7-43B7-ABF3-2CCCD93F7FA1}.AppStore|x64.Build.0 = Release|Any CPU
		{14F83DDC-65A7-43B7-ABF3-2CCCD93F7FA1}.AppStore|x86.ActiveCfg = Release|Any CPU
		{14F83DDC-65A7-43B7-ABF3-2CCCD93F7FA1}.AppStore|x86.Build.0 = Release|Any CPU
		{14F83DDC-65A7-43B7-ABF3-2CCCD93F7FA1}.Debug|Any CPU.ActiveCfg = Debug|Any CPU
		{14F83DDC-65A7-43B7-ABF3-2CCCD93F7FA1}.Debug|Any CPU.Build.0 = Debug|Any CPU
		{14F83DDC-65A7-43B7-ABF3-2CCCD93F7FA1}.Debug|Any CPU.Deploy.0 = Debug|Any CPU
		{14F83DDC-65A7-43B7-ABF3-2CCCD93F7FA1}.Debug|ARM.ActiveCfg = Debug|Any CPU
		{14F83DDC-65A7-43B7-ABF3-2CCCD93F7FA1}.Debug|ARM.Build.0 = Debug|Any CPU
		{14F83DDC-65A7-43B7-ABF3-2CCCD93F7FA1}.Debug|iPhone.ActiveCfg = Debug|Any CPU
		{14F83DDC-65A7-43B7-ABF3-2CCCD93F7FA1}.Debug|iPhone.Build.0 = Debug|Any CPU
		{14F83DDC-65A7-43B7-ABF3-2CCCD93F7FA1}.Debug|iPhoneSimulator.ActiveCfg = Debug|Any CPU
		{14F83DDC-65A7-43B7-ABF3-2CCCD93F7FA1}.Debug|iPhoneSimulator.Build.0 = Debug|Any CPU
		{14F83DDC-65A7-43B7-ABF3-2CCCD93F7FA1}.Debug|x64.ActiveCfg = Debug|Any CPU
		{14F83DDC-65A7-43B7-ABF3-2CCCD93F7FA1}.Debug|x64.Build.0 = Debug|Any CPU
		{14F83DDC-65A7-43B7-ABF3-2CCCD93F7FA1}.Debug|x86.ActiveCfg = Debug|Any CPU
		{14F83DDC-65A7-43B7-ABF3-2CCCD93F7FA1}.Debug|x86.Build.0 = Debug|Any CPU
		{14F83DDC-65A7-43B7-ABF3-2CCCD93F7FA1}.Release|Any CPU.ActiveCfg = Release|Any CPU
		{14F83DDC-65A7-43B7-ABF3-2CCCD93F7FA1}.Release|Any CPU.Build.0 = Release|Any CPU
		{14F83DDC-65A7-43B7-ABF3-2CCCD93F7FA1}.Release|Any CPU.Deploy.0 = Release|Any CPU
		{14F83DDC-65A7-43B7-ABF3-2CCCD93F7FA1}.Release|ARM.ActiveCfg = Release|Any CPU
		{14F83DDC-65A7-43B7-ABF3-2CCCD93F7FA1}.Release|ARM.Build.0 = Release|Any CPU
		{14F83DDC-65A7-43B7-ABF3-2CCCD93F7FA1}.Release|iPhone.ActiveCfg = Release|Any CPU
		{14F83DDC-65A7-43B7-ABF3-2CCCD93F7FA1}.Release|iPhone.Build.0 = Release|Any CPU
		{14F83DDC-65A7-43B7-ABF3-2CCCD93F7FA1}.Release|iPhoneSimulator.ActiveCfg = Release|Any CPU
		{14F83DDC-65A7-43B7-ABF3-2CCCD93F7FA1}.Release|iPhoneSimulator.Build.0 = Release|Any CPU
		{14F83DDC-65A7-43B7-ABF3-2CCCD93F7FA1}.Release|x64.ActiveCfg = Release|Any CPU
		{14F83DDC-65A7-43B7-ABF3-2CCCD93F7FA1}.Release|x64.Build.0 = Release|Any CPU
		{14F83DDC-65A7-43B7-ABF3-2CCCD93F7FA1}.Release|x86.ActiveCfg = Release|Any CPU
		{14F83DDC-65A7-43B7-ABF3-2CCCD93F7FA1}.Release|x86.Build.0 = Release|Any CPU
		{CC92DF96-7423-42AC-8543-82D0A986A5D3}.Ad-Hoc|Any CPU.ActiveCfg = Release|Any CPU
		{CC92DF96-7423-42AC-8543-82D0A986A5D3}.Ad-Hoc|Any CPU.Build.0 = Release|Any CPU
		{CC92DF96-7423-42AC-8543-82D0A986A5D3}.Ad-Hoc|ARM.ActiveCfg = Release|Any CPU
		{CC92DF96-7423-42AC-8543-82D0A986A5D3}.Ad-Hoc|ARM.Build.0 = Release|Any CPU
		{CC92DF96-7423-42AC-8543-82D0A986A5D3}.Ad-Hoc|iPhone.ActiveCfg = Release|Any CPU
		{CC92DF96-7423-42AC-8543-82D0A986A5D3}.Ad-Hoc|iPhone.Build.0 = Release|Any CPU
		{CC92DF96-7423-42AC-8543-82D0A986A5D3}.Ad-Hoc|iPhoneSimulator.ActiveCfg = Release|Any CPU
		{CC92DF96-7423-42AC-8543-82D0A986A5D3}.Ad-Hoc|iPhoneSimulator.Build.0 = Release|Any CPU
		{CC92DF96-7423-42AC-8543-82D0A986A5D3}.Ad-Hoc|x64.ActiveCfg = Release|Any CPU
		{CC92DF96-7423-42AC-8543-82D0A986A5D3}.Ad-Hoc|x64.Build.0 = Release|Any CPU
		{CC92DF96-7423-42AC-8543-82D0A986A5D3}.Ad-Hoc|x86.ActiveCfg = Release|Any CPU
		{CC92DF96-7423-42AC-8543-82D0A986A5D3}.Ad-Hoc|x86.Build.0 = Release|Any CPU
		{CC92DF96-7423-42AC-8543-82D0A986A5D3}.AppStore|Any CPU.ActiveCfg = Release|Any CPU
		{CC92DF96-7423-42AC-8543-82D0A986A5D3}.AppStore|Any CPU.Build.0 = Release|Any CPU
		{CC92DF96-7423-42AC-8543-82D0A986A5D3}.AppStore|ARM.ActiveCfg = Release|Any CPU
		{CC92DF96-7423-42AC-8543-82D0A986A5D3}.AppStore|ARM.Build.0 = Release|Any CPU
		{CC92DF96-7423-42AC-8543-82D0A986A5D3}.AppStore|iPhone.ActiveCfg = Release|Any CPU
		{CC92DF96-7423-42AC-8543-82D0A986A5D3}.AppStore|iPhone.Build.0 = Release|Any CPU
		{CC92DF96-7423-42AC-8543-82D0A986A5D3}.AppStore|iPhoneSimulator.ActiveCfg = Release|Any CPU
		{CC92DF96-7423-42AC-8543-82D0A986A5D3}.AppStore|iPhoneSimulator.Build.0 = Release|Any CPU
		{CC92DF96-7423-42AC-8543-82D0A986A5D3}.AppStore|x64.ActiveCfg = Release|Any CPU
		{CC92DF96-7423-42AC-8543-82D0A986A5D3}.AppStore|x64.Build.0 = Release|Any CPU
		{CC92DF96-7423-42AC-8543-82D0A986A5D3}.AppStore|x86.ActiveCfg = Release|Any CPU
		{CC92DF96-7423-42AC-8543-82D0A986A5D3}.AppStore|x86.Build.0 = Release|Any CPU
		{CC92DF96-7423-42AC-8543-82D0A986A5D3}.Debug|Any CPU.ActiveCfg = Debug|Any CPU
		{CC92DF96-7423-42AC-8543-82D0A986A5D3}.Debug|Any CPU.Build.0 = Debug|Any CPU
		{CC92DF96-7423-42AC-8543-82D0A986A5D3}.Debug|ARM.ActiveCfg = Debug|Any CPU
		{CC92DF96-7423-42AC-8543-82D0A986A5D3}.Debug|ARM.Build.0 = Debug|Any CPU
		{CC92DF96-7423-42AC-8543-82D0A986A5D3}.Debug|iPhone.ActiveCfg = Debug|Any CPU
		{CC92DF96-7423-42AC-8543-82D0A986A5D3}.Debug|iPhone.Build.0 = Debug|Any CPU
		{CC92DF96-7423-42AC-8543-82D0A986A5D3}.Debug|iPhoneSimulator.ActiveCfg = Debug|Any CPU
		{CC92DF96-7423-42AC-8543-82D0A986A5D3}.Debug|iPhoneSimulator.Build.0 = Debug|Any CPU
		{CC92DF96-7423-42AC-8543-82D0A986A5D3}.Debug|x64.ActiveCfg = Debug|Any CPU
		{CC92DF96-7423-42AC-8543-82D0A986A5D3}.Debug|x64.Build.0 = Debug|Any CPU
		{CC92DF96-7423-42AC-8543-82D0A986A5D3}.Debug|x86.ActiveCfg = Debug|Any CPU
		{CC92DF96-7423-42AC-8543-82D0A986A5D3}.Debug|x86.Build.0 = Debug|Any CPU
		{CC92DF96-7423-42AC-8543-82D0A986A5D3}.Release|Any CPU.ActiveCfg = Release|Any CPU
		{CC92DF96-7423-42AC-8543-82D0A986A5D3}.Release|Any CPU.Build.0 = Release|Any CPU
		{CC92DF96-7423-42AC-8543-82D0A986A5D3}.Release|ARM.ActiveCfg = Release|Any CPU
		{CC92DF96-7423-42AC-8543-82D0A986A5D3}.Release|ARM.Build.0 = Release|Any CPU
		{CC92DF96-7423-42AC-8543-82D0A986A5D3}.Release|iPhone.ActiveCfg = Release|Any CPU
		{CC92DF96-7423-42AC-8543-82D0A986A5D3}.Release|iPhone.Build.0 = Release|Any CPU
		{CC92DF96-7423-42AC-8543-82D0A986A5D3}.Release|iPhoneSimulator.ActiveCfg = Release|Any CPU
		{CC92DF96-7423-42AC-8543-82D0A986A5D3}.Release|iPhoneSimulator.Build.0 = Release|Any CPU
		{CC92DF96-7423-42AC-8543-82D0A986A5D3}.Release|x64.ActiveCfg = Release|Any CPU
		{CC92DF96-7423-42AC-8543-82D0A986A5D3}.Release|x64.Build.0 = Release|Any CPU
		{CC92DF96-7423-42AC-8543-82D0A986A5D3}.Release|x86.ActiveCfg = Release|Any CPU
		{CC92DF96-7423-42AC-8543-82D0A986A5D3}.Release|x86.Build.0 = Release|Any CPU
		{789DD04E-3FC9-43BE-8873-172B3DE688F0}.Ad-Hoc|Any CPU.ActiveCfg = Release|x64
		{789DD04E-3FC9-43BE-8873-172B3DE688F0}.Ad-Hoc|Any CPU.Build.0 = Release|x64
		{789DD04E-3FC9-43BE-8873-172B3DE688F0}.Ad-Hoc|Any CPU.Deploy.0 = Release|x64
		{789DD04E-3FC9-43BE-8873-172B3DE688F0}.Ad-Hoc|ARM.ActiveCfg = Release|ARM
		{789DD04E-3FC9-43BE-8873-172B3DE688F0}.Ad-Hoc|ARM.Build.0 = Release|ARM
		{789DD04E-3FC9-43BE-8873-172B3DE688F0}.Ad-Hoc|ARM.Deploy.0 = Release|ARM
		{789DD04E-3FC9-43BE-8873-172B3DE688F0}.Ad-Hoc|ARM64.ActiveCfg = Release|ARM64
		{789DD04E-3FC9-43BE-8873-172B3DE688F0}.Ad-Hoc|ARM64.Build.0 = Release|ARM64
		{789DD04E-3FC9-43BE-8873-172B3DE688F0}.Ad-Hoc|ARM64.Deploy.0 = Release|ARM64
		{789DD04E-3FC9-43BE-8873-172B3DE688F0}.Ad-Hoc|iPhone.ActiveCfg = Release|x64
		{789DD04E-3FC9-43BE-8873-172B3DE688F0}.Ad-Hoc|iPhone.Build.0 = Release|x64
		{789DD04E-3FC9-43BE-8873-172B3DE688F0}.Ad-Hoc|iPhone.Deploy.0 = Release|x64
		{789DD04E-3FC9-43BE-8873-172B3DE688F0}.Ad-Hoc|iPhoneSimulator.ActiveCfg = Release|x64
		{789DD04E-3FC9-43BE-8873-172B3DE688F0}.Ad-Hoc|iPhoneSimulator.Build.0 = Release|x64
		{789DD04E-3FC9-43BE-8873-172B3DE688F0}.Ad-Hoc|iPhoneSimulator.Deploy.0 = Release|x64
		{789DD04E-3FC9-43BE-8873-172B3DE688F0}.Ad-Hoc|x64.ActiveCfg = Release|x64
		{789DD04E-3FC9-43BE-8873-172B3DE688F0}.Ad-Hoc|x64.Build.0 = Release|x64
		{789DD04E-3FC9-43BE-8873-172B3DE688F0}.Ad-Hoc|x64.Deploy.0 = Release|x64
		{789DD04E-3FC9-43BE-8873-172B3DE688F0}.Ad-Hoc|x86.ActiveCfg = Release|x86
		{789DD04E-3FC9-43BE-8873-172B3DE688F0}.Ad-Hoc|x86.Build.0 = Release|x86
		{789DD04E-3FC9-43BE-8873-172B3DE688F0}.Ad-Hoc|x86.Deploy.0 = Release|x86
		{789DD04E-3FC9-43BE-8873-172B3DE688F0}.AppStore|Any CPU.ActiveCfg = Release|x64
		{789DD04E-3FC9-43BE-8873-172B3DE688F0}.AppStore|Any CPU.Build.0 = Release|x64
		{789DD04E-3FC9-43BE-8873-172B3DE688F0}.AppStore|Any CPU.Deploy.0 = Release|x64
		{789DD04E-3FC9-43BE-8873-172B3DE688F0}.AppStore|ARM.ActiveCfg = Release|ARM
		{789DD04E-3FC9-43BE-8873-172B3DE688F0}.AppStore|ARM.Build.0 = Release|ARM
		{789DD04E-3FC9-43BE-8873-172B3DE688F0}.AppStore|ARM.Deploy.0 = Release|ARM
		{789DD04E-3FC9-43BE-8873-172B3DE688F0}.AppStore|ARM64.ActiveCfg = Release|ARM64
		{789DD04E-3FC9-43BE-8873-172B3DE688F0}.AppStore|ARM64.Build.0 = Release|ARM64
		{789DD04E-3FC9-43BE-8873-172B3DE688F0}.AppStore|ARM64.Deploy.0 = Release|ARM64
		{789DD04E-3FC9-43BE-8873-172B3DE688F0}.AppStore|iPhone.ActiveCfg = Release|x64
		{789DD04E-3FC9-43BE-8873-172B3DE688F0}.AppStore|iPhone.Build.0 = Release|x64
		{789DD04E-3FC9-43BE-8873-172B3DE688F0}.AppStore|iPhone.Deploy.0 = Release|x64
		{789DD04E-3FC9-43BE-8873-172B3DE688F0}.AppStore|iPhoneSimulator.ActiveCfg = Release|x64
		{789DD04E-3FC9-43BE-8873-172B3DE688F0}.AppStore|iPhoneSimulator.Build.0 = Release|x64
		{789DD04E-3FC9-43BE-8873-172B3DE688F0}.AppStore|iPhoneSimulator.Deploy.0 = Release|x64
		{789DD04E-3FC9-43BE-8873-172B3DE688F0}.AppStore|x64.ActiveCfg = Release|x64
		{789DD04E-3FC9-43BE-8873-172B3DE688F0}.AppStore|x64.Build.0 = Release|x64
		{789DD04E-3FC9-43BE-8873-172B3DE688F0}.AppStore|x64.Deploy.0 = Release|x64
		{789DD04E-3FC9-43BE-8873-172B3DE688F0}.AppStore|x86.ActiveCfg = Release|x86
		{789DD04E-3FC9-43BE-8873-172B3DE688F0}.AppStore|x86.Build.0 = Release|x86
		{789DD04E-3FC9-43BE-8873-172B3DE688F0}.AppStore|x86.Deploy.0 = Release|x86
		{789DD04E-3FC9-43BE-8873-172B3DE688F0}.Debug|Any CPU.ActiveCfg = Debug|x86
		{789DD04E-3FC9-43BE-8873-172B3DE688F0}.Debug|ARM.ActiveCfg = Debug|ARM
		{789DD04E-3FC9-43BE-8873-172B3DE688F0}.Debug|ARM.Build.0 = Debug|ARM
		{789DD04E-3FC9-43BE-8873-172B3DE688F0}.Debug|ARM.Deploy.0 = Debug|ARM
		{789DD04E-3FC9-43BE-8873-172B3DE688F0}.Debug|ARM64.ActiveCfg = Debug|ARM64
		{789DD04E-3FC9-43BE-8873-172B3DE688F0}.Debug|ARM64.Build.0 = Debug|ARM64
		{789DD04E-3FC9-43BE-8873-172B3DE688F0}.Debug|ARM64.Deploy.0 = Debug|ARM64
		{789DD04E-3FC9-43BE-8873-172B3DE688F0}.Debug|iPhone.ActiveCfg = Debug|x86
		{789DD04E-3FC9-43BE-8873-172B3DE688F0}.Debug|iPhoneSimulator.ActiveCfg = Debug|x86
		{789DD04E-3FC9-43BE-8873-172B3DE688F0}.Debug|x64.ActiveCfg = Debug|x64
		{789DD04E-3FC9-43BE-8873-172B3DE688F0}.Debug|x64.Build.0 = Debug|x64
		{789DD04E-3FC9-43BE-8873-172B3DE688F0}.Debug|x64.Deploy.0 = Debug|x64
		{789DD04E-3FC9-43BE-8873-172B3DE688F0}.Debug|x86.ActiveCfg = Debug|x86
		{789DD04E-3FC9-43BE-8873-172B3DE688F0}.Debug|x86.Build.0 = Debug|x86
		{789DD04E-3FC9-43BE-8873-172B3DE688F0}.Debug|x86.Deploy.0 = Debug|x86
		{789DD04E-3FC9-43BE-8873-172B3DE688F0}.Release|Any CPU.ActiveCfg = Release|x86
		{789DD04E-3FC9-43BE-8873-172B3DE688F0}.Release|ARM.ActiveCfg = Release|ARM
		{789DD04E-3FC9-43BE-8873-172B3DE688F0}.Release|ARM.Build.0 = Release|ARM
		{789DD04E-3FC9-43BE-8873-172B3DE688F0}.Release|ARM.Deploy.0 = Release|ARM
		{789DD04E-3FC9-43BE-8873-172B3DE688F0}.Release|ARM64.ActiveCfg = Release|ARM64
		{789DD04E-3FC9-43BE-8873-172B3DE688F0}.Release|ARM64.Build.0 = Release|ARM64
		{789DD04E-3FC9-43BE-8873-172B3DE688F0}.Release|ARM64.Deploy.0 = Release|ARM64
		{789DD04E-3FC9-43BE-8873-172B3DE688F0}.Release|iPhone.ActiveCfg = Release|x86
		{789DD04E-3FC9-43BE-8873-172B3DE688F0}.Release|iPhoneSimulator.ActiveCfg = Release|x86
		{789DD04E-3FC9-43BE-8873-172B3DE688F0}.Release|x64.ActiveCfg = Release|x64
		{789DD04E-3FC9-43BE-8873-172B3DE688F0}.Release|x64.Build.0 = Release|x64
		{789DD04E-3FC9-43BE-8873-172B3DE688F0}.Release|x64.Deploy.0 = Release|x64
		{789DD04E-3FC9-43BE-8873-172B3DE688F0}.Release|x86.ActiveCfg = Release|x86
		{789DD04E-3FC9-43BE-8873-172B3DE688F0}.Release|x86.Build.0 = Release|x86
		{789DD04E-3FC9-43BE-8873-172B3DE688F0}.Release|x86.Deploy.0 = Release|x86
	EndGlobalSection
	GlobalSection(SolutionProperties) = preSolution
		HideSolutionNode = FALSE
	EndGlobalSection
	GlobalSection(ExtensibilityGlobals) = postSolution
		SolutionGuid = {F6D05029-56B8-4E45-AF2D-0E76295DDBA2}
	EndGlobalSection
EndGlobal
